{
  "nodes": {
    "catppuccin": {
      "inputs": {
        "nixpkgs": "nixpkgs"
      },
      "locked": {
        "lastModified": 1777024856,
        "narHash": "sha256-OQ+yIcRMXo4UaHyX+W5DCgBvJ5dZo/3kFGWPJiuR6x8=",
        "owner": "catppuccin",
        "repo": "nix",
        "rev": "f41cc1cf13647e482b7317396f749840ef715e16",
        "type": "github"
      },
      "original": {
        "owner": "catppuccin",
        "repo": "nix",
        "type": "github"
      }
    },
    "dms": {
      "inputs": {
        "nixpkgs": [
          "nixpkgs"
        ],
        "quickshell": "quickshell"
      },
      "locked": {
        "lastModified": 1777145534,
        "narHash": "sha256-K/DtFratLxaZ4+YS9G+HZA37banWacXYznmul3XPKKM=",
        "owner": "AvengeMedia",
        "repo": "DankMaterialShell",
        "rev": "bcf41ed5caff19e5750f3ef0594088492ecbadbe",
        "type": "github"
      },
      "original": {
        "owner": "AvengeMedia",
        "ref": "stable",
        "repo": "DankMaterialShell",
        "type": "github"
      }
    },
    "flake-parts": {
      "inputs": {
        "nixpkgs-lib": "nixpkgs-lib"
      },
      "locked": {
        "lastModified": 1775087534,
        "narHash": "sha256-91qqW8lhL7TLwgQWijoGBbiD4t7/q75KTi8NxjVmSmA=",
        "owner": "hercules-ci",
        "repo": "flake-parts",
        "rev": "3107b77cd68437b9a76194f0f7f9c55f2329ca5b",
        "type": "github"
      },
      "original": {
        "owner": "hercules-ci",
        "repo": "flake-parts",
        "type": "github"
      }
    },
    "flake-parts_2": {
      "inputs": {
        "nixpkgs-lib": "nixpkgs-lib_2"
      },
      "locked": {
        "lastModified": 1775087534,
        "narHash": "sha256-91qqW8lhL7TLwgQWijoGBbiD4t7/q75KTi8NxjVmSmA=",
        "owner": "hercules-ci",
        "repo": "flake-parts",
        "rev": "3107b77cd68437b9a76194f0f7f9c55f2329ca5b",
        "type": "github"
      },
      "original": {
        "owner": "hercules-ci",
        "repo": "flake-parts",
        "type": "github"
      }
    },
    "flake-parts_3": {
      "inputs": {
        "nixpkgs-lib": "nixpkgs-lib_3"
      },
      "locked": {
        "lastModified": 1760948891,
        "narHash": "sha256-TmWcdiUUaWk8J4lpjzu4gCGxWY6/Ok7mOK4fIFfBuU4=",
        "owner": "hercules-ci",
        "repo": "flake-parts",
        "rev": "864599284fc7c0ba6357ed89ed5e2cd5040f0c04",
        "type": "github"
      },
      "original": {
        "owner": "hercules-ci",
        "repo": "flake-parts",
        "type": "github"
      }
    },
    "flake-utils": {
      "inputs": {
        "systems": "systems"
      },
      "locked": {
        "lastModified": 1731533236,
        "narHash": "sha256-l0KFg5HjrsfsO/JpG+r7fRrqm12kzFHyUHqHCVpMMbI=",
        "owner": "numtide",
        "repo": "flake-utils",
        "rev": "11707dc2f618dd54ca8739b309ec4fc024de578b",
        "type": "github"
      },
      "original": {
        "owner": "numtide",
        "repo": "flake-utils",
        "type": "github"
      }
    },
    "flake-utils_2": {
      "inputs": {
        "systems": "systems_2"
      },
      "locked": {
        "lastModified": 1731533236,
        "narHash": "sha256-l0KFg5HjrsfsO/JpG+r7fRrqm12kzFHyUHqHCVpMMbI=",
        "owner": "numtide",
        "repo": "flake-utils",
        "rev": "11707dc2f618dd54ca8739b309ec4fc024de578b",
        "type": "github"
      },
      "original": {
        "owner": "numtide",
        "repo": "flake-utils",
        "type": "github"
      }
    },
    "flake-utils_3": {
      "inputs": {
        "systems": "systems_3"
      },
      "locked": {
        "lastModified": 1731533236,
        "narHash": "sha256-l0KFg5HjrsfsO/JpG+r7fRrqm12kzFHyUHqHCVpMMbI=",
        "owner": "numtide",
        "repo": "flake-utils",
        "rev": "11707dc2f618dd54ca8739b309ec4fc024de578b",
        "type": "github"
      },
      "original": {
        "owner": "numtide",
        "repo": "flake-utils",
        "type": "github"
      }
    },
    "home-manager": {
      "inputs": {
        "nixpkgs": [
          "nixpkgs"
        ]
      },
      "locked": {
        "lastModified": 1777258755,
        "narHash": "sha256-EC07KwADRE2LdIk7vEDyAaD3I0ZUq24T9jQF9L0iEPk=",
        "owner": "nix-community",
        "repo": "home-manager",
        "rev": "7f8bbc93d63401e41368d6ddc46a4f631610fa90",
        "type": "github"
      },
      "original": {
        "owner": "nix-community",
        "repo": "home-manager",
        "type": "github"
      }
    },
    "ik_packages": {
      "inputs": {
        "flake-parts": "flake-parts_2",
        "nixpkgs": [
          "infomanixak",
          "swissknife",
          "nixpkgs"
        ]
      },
      "locked": {
        "lastModified": 1776330577,
        "narHash": "sha256-23MWvcMUaC//PG8GqNDqezGn8ZttGkhb4I4woe7zWa8=",
        "ref": "refs/heads/master",
        "rev": "4a97b3a98dabc2a1b605cda96047e770a64158aa",
        "revCount": 3,
        "type": "git",
        "url": "ssh://git@gitlab.infomaniak.ch/L3/ik-nix-pkgs"
      },
      "original": {
        "type": "git",
        "url": "ssh://git@gitlab.infomaniak.ch/L3/ik-nix-pkgs"
      }
    },
    "infomanixak": {
      "inputs": {
        "flake-parts": "flake-parts",
        "nixpkgs": [
          "nixpkgs"
        ],
        "ripinfo": "ripinfo",
        "swissknife": "swissknife",
        "tool3box": "tool3box"
      },
      "locked": {
        "lastModified": 1777284063,
        "narHash": "sha256-4Od5WSVe5Soe5ExR+UYSEfFlVZ3mNKPEGOeyjxLuVIk=",
        "ref": "refs/heads/main",
        "rev": "865544ca19811a6fbd7c0f461b396f2cfda6a9a6",
        "revCount": 67,
        "type": "git",
        "url": "ssh://git@gitlab.infomaniak.ch/L3/infoma-nix-ak"
      },
      "original": {
        "type": "git",
        "url": "ssh://git@gitlab.infomaniak.ch/L3/infoma-nix-ak"
      }
    },
    "kssh": {
      "inputs": {
        "flake-utils": "flake-utils_3",
        "nixpkgs": [
          "infomanixak",
          "swissknife",
          "nixpkgs"
        ]
      },
      "locked": {
        "lastModified": 1776269250,
        "narHash": "sha256-NmHPl3xhl3LnH78flwZGE/i55Ehl50ueElU0GF7sjqg=",
        "ref": "refs/heads/master",
        "rev": "6b2ff8078301b09a994ff13bec226bce85bf5a2c",
        "revCount": 60,
        "type": "git",
        "url": "ssh://git@gitlab.infomaniak.ch/L3/swissknife/kssh"
      },
      "original": {
        "type": "git",
        "url": "ssh://git@gitlab.infomaniak.ch/L3/swissknife/kssh"
      }
    },
    "nixpkgs": {
      "locked": {
        "lastModified": 1776548001,
        "narHash": "sha256-ZSK0NL4a1BwVbbTBoSnWgbJy9HeZFXLYQizjb2DPF24=",
        "owner": "NixOS",
        "repo": "nixpkgs",
        "rev": "b12141ef619e0a9c1c84dc8c684040326f27cdcc",
        "type": "github"
      },
      "original": {
        "owner": "NixOS",
        "ref": "nixos-unstable",
        "repo": "nixpkgs",
        "type": "github"
      }
    },
    "nixpkgs-lib": {
      "locked": {
        "lastModified": 1774748309,
        "narHash": "sha256-+U7gF3qxzwD5TZuANzZPeJTZRHS29OFQgkQ2kiTJBIQ=",
        "owner": "nix-community",
        "repo": "nixpkgs.lib",
        "rev": "333c4e0545a6da976206c74db8773a1645b5870a",
        "type": "github"
      },
      "original": {
        "owner": "nix-community",
        "repo": "nixpkgs.lib",
        "type": "github"
      }
    },
    "nixpkgs-lib_2": {
      "locked": {
        "lastModified": 1774748309,
        "narHash": "sha256-+U7gF3qxzwD5TZuANzZPeJTZRHS29OFQgkQ2kiTJBIQ=",
        "owner": "nix-community",
        "repo": "nixpkgs.lib",
        "rev": "333c4e0545a6da976206c74db8773a1645b5870a",
        "type": "github"
      },
      "original": {
        "owner": "nix-community",
        "repo": "nixpkgs.lib",
        "type": "github"
      }
    },
    "nixpkgs-lib_3": {
      "locked": {
        "lastModified": 1754788789,
        "narHash": "sha256-x2rJ+Ovzq0sCMpgfgGaaqgBSwY+LST+WbZ6TytnT9Rk=",
        "owner": "nix-community",
        "repo": "nixpkgs.lib",
        "rev": "a73b9c743612e4244d865a2fdee11865283c04e6",
        "type": "github"
      },
      "original": {
        "owner": "nix-community",
        "repo": "nixpkgs.lib",
        "type": "github"
      }
    },
    "nixpkgs_2": {
      "locked": {
        "lastModified": 1776877367,
        "narHash": "sha256-EHq1/OX139R1RvBzOJ0aMRT3xnWyqtHBRUBuO1gFzjI=",
        "owner": "NixOS",
        "repo": "nixpkgs",
        "rev": "0726a0ecb6d4e08f6adced58726b95db924cef57",
        "type": "github"
      },
      "original": {
        "owner": "NixOS",
        "ref": "nixos-unstable",
        "repo": "nixpkgs",
        "type": "github"
      }
    },
    "quickshell": {
      "inputs": {
        "nixpkgs": [
          "dms",
          "nixpkgs"
        ]
      },
      "locked": {
        "lastModified": 1776854048,
        "narHash": "sha256-lLbV66V3RMNp1l8/UelmR4YzoJ5ONtgvEtiUMJATH/o=",
        "ref": "refs/heads/master",
        "rev": "783c953987dc56ff0601abe6845ed96f1d00495a",
        "revCount": 806,
        "type": "git",
        "url": "https://git.outfoxxed.me/quickshell/quickshell"
      },
      "original": {
        "rev": "783c953987dc56ff0601abe6845ed96f1d00495a",
        "type": "git",
        "url": "https://git.outfoxxed.me/quickshell/quickshell"
      }
    },
    "ripinfo": {
      "inputs": {
        "flake-utils": "flake-utils",
        "nixpkgs": [
          "infomanixak",
          "nixpkgs"
        ]
      },
      "locked": {
        "lastModified": 1776334296,
        "narHash": "sha256-d9WSqOQ6BWJGd/E9KGxjA6uASiRWajEbrAWv5g6tX2E=",
        "ref": "refs/heads/master",
        "rev": "69a5c50bc5edfedb5aceb83d61668370c91133ff",
        "revCount": 30,
        "type": "git",
        "url": "ssh://git@gitlab.infomaniak.ch/bastien.jeannelle/ipinfo"
      },
      "original": {
        "type": "git",
        "url": "ssh://git@gitlab.infomaniak.ch/bastien.jeannelle/ipinfo"
      }
    },
    "root": {
      "inputs": {
        "catppuccin": "catppuccin",
        "dms": "dms",
        "home-manager": "home-manager",
        "infomanixak": "infomanixak",
        "nixpkgs": "nixpkgs_2",
        "sops-nix": "sops-nix"
      }
    },
    "sops-nix": {
      "inputs": {
        "nixpkgs": [
          "nixpkgs"
        ]
      },
      "locked": {
        "lastModified": 1776771786,
        "narHash": "sha256-DRFGPfFV6hbrfO9a1PH1FkCi7qR5FgjSqsQGGvk1rdI=",
        "owner": "Mic92",
        "repo": "sops-nix",
        "rev": "bef289e2248991f7afeb95965c82fbcd8ff72598",
        "type": "github"
      },
      "original": {
        "owner": "Mic92",
        "repo": "sops-nix",
        "type": "github"
      }
    },
    "swissknife": {
      "inputs": {
        "flake-utils": "flake-utils_2",
        "ik_packages": "ik_packages",
        "kssh": "kssh",
        "nixpkgs": [
          "infomanixak",
          "nixpkgs"
        ]
      },
      "locked": {
        "lastModified": 1776330694,
        "narHash": "sha256-JpdwxsFtAKcJ7QK9njm7bV0mpsOFUsWWMoafbjkD1bg=",
        "ref": "refs/heads/master",
        "rev": "5eabd8aab8114034a06c6c4335278ad10fe7769e",
        "revCount": 45,
        "type": "git",
        "url": "ssh://git@gitlab.infomaniak.ch/l3/swissknife/cli"
      },
      "original": {
        "type": "git",
        "url": "ssh://git@gitlab.infomaniak.ch/l3/swissknife/cli"
      }
    },
    "systems": {
      "locked": {
        "lastModified": 1681028828,
        "narHash": "sha256-Vy1rq5AaRuLzOxct8nz4T6wlgyUR7zLU309k9mBC768=",
        "owner": "nix-systems",
        "repo": "default",
        "rev": "da67096a3b9bf56a91d16901293e51ba5b49a27e",
        "type": "github"
      },
      "original": {
        "owner": "nix-systems",
        "repo": "default",
        "type": "github"
      }
    },
    "systems_2": {
      "locked": {
        "lastModified": 1681028828,
        "narHash": "sha256-Vy1rq5AaRuLzOxct8nz4T6wlgyUR7zLU309k9mBC768=",
        "owner": "nix-systems",
        "repo": "default",
        "rev": "da67096a3b9bf56a91d16901293e51ba5b49a27e",
        "type": "github"
      },
      "original": {
        "owner": "nix-systems",
        "repo": "default",
        "type": "github"
      }
    },
    "systems_3": {
      "locked": {
        "lastModified": 1681028828,
        "narHash": "sha256-Vy1rq5AaRuLzOxct8nz4T6wlgyUR7zLU309k9mBC768=",
        "owner": "nix-systems",
        "repo": "default",
        "rev": "da67096a3b9bf56a91d16901293e51ba5b49a27e",
        "type": "github"
      },
      "original": {
        "owner": "nix-systems",
        "repo": "default",
        "type": "github"
      }
    },
    "tool3box": {
      "inputs": {
        "flake-parts": "flake-parts_3",
        "nixpkgs": [
          "infomanixak",
          "nixpkgs"
        ]
      },
      "locked": {
        "lastModified": 1774541250,
        "narHash": "sha256-yvoWyQW0iWo81DrphqaI4xV06G94ewYOSHoklRF2dpE=",
        "ref": "refs/heads/master",
        "rev": "799dcd60fb9876df1a02aa5a48a6a80d2329411f",
        "revCount": 850,
        "type": "git",
        "url": "ssh://git@gitlab.infomaniak.ch/L3/tool3box"
      },
      "original": {
        "type": "git",
        "url": "ssh://git@gitlab.infomaniak.ch/L3/tool3box"
      }
    }
  },
  "root": "root",
  "version": 7
}
